
Microsoft Visual Studio Solution File, Format Version 12.00
# Visual Studio Version 16
VisualStudioVersion = 16.0.30320.27
MinimumVisualStudioVersion = 10.0.40219.1
Project("{9A19103F-16F7-4668-BE54-9A1E7A4F7556}") = "TianGong", "tiangong\TianGong.csproj", "{D54C8657-3A0D-4F13-8F3B-515697D44620}"
EndProject
Project("{2150E333-8FDC-42A3-9474-1A3956D46DE8}") = "Solution Items", "Solution Items", "{C9203B91-414F-4D5A-9AB9-16CB2CEEC8E2}"
	ProjectSection(SolutionItems) = preProject
		.editorconfig = .editorconfig
	EndProjectSection
EndProject
Global
	GlobalSection(SolutionConfigurationPlatforms) = preSolution
		Debug|Any CPU = Debug|Any CPU
		Release|Any CPU = Release|Any CPU
	EndGlobalSection
	GlobalSection(ProjectConfigurationPlatforms) = postSolution
		{D54C8657-3A0D-4F13-8F3B-515697D44620}.Debug|Any CPU.ActiveCfg = Debug|Any CPU
		{D54C8657-3A0D-4F13-8F3B-515697D44620}.Debug|Any CPU.Build.0 = Debug|Any CPU
		{D54C8657-3A0D-4F13-8F3B-515697D44620}.Release|Any CPU.ActiveCfg = Release|Any CPU
		{D54C8657-3A0D-4F13-8F3B-515697D44620}.Release|Any CPU.Build.0 = Release|Any CPU
	EndGlobalSection
	GlobalSection(SolutionProperties) = preSolution
		HideSolutionNode = FALSE
	EndGlobalSection
	GlobalSection(ExtensibilityGlobals) = postSolution
		SolutionGuid = {50A3E166-83C2-47C4-807D-C3701F28B2B2}
	EndGlobalSection
EndGlobal
